
Microsoft Visual Studio Solution File, Format Version 12.00
# Visual Studio 16
VisualStudioVersion = 16.0.28803.156
MinimumVisualStudioVersion = 10.0.40219.1
Project("{2150E333-8FDC-42A3-9474-1A3956D46DE8}") = "Solution Items", "Solution Items", "{2AFC9CA4-793C-43A3-A4C0-E654116BC030}"
	ProjectSection(SolutionItems) = preProject
		README.md = README.md
		CHANGELOG.md = CHANGELOG.md
		CONTRIBUTING.md = CONTRIBUTING.md
		LICENSE = LICENSE
	EndProjectSection
EndProject
Project("{9A19103F-16F7-4668-BE54-9A1E7A4F7556}") = "SoCreate.ServiceFabric.PubSub", "src\SoCreate.ServiceFabric.PubSub\SoCreate.ServiceFabric.PubSub.csproj", "{266D0C63-57EE-4C0D-873F-B3235B062CF4}"
EndProject
Project("{9A19103F-16F7-4668-BE54-9A1E7A4F7556}") = "SoCreate.ServiceFabric.PubSub.Tests", "tests\SoCreate.ServiceFabric.PubSub.Tests\SoCreate.ServiceFabric.PubSub.Tests.csproj", "{29169DCB-AA96-4B25-8395-32DC00473F34}"
EndProject
Project("{2150E333-8FDC-42A3-9474-1A3956D46DE8}") = "src", "src", "{CE60A581-FAAD-474F-8AAE-9D68C59C71FC}"
EndProject
Project("{2150E333-8FDC-42A3-9474-1A3956D46DE8}") = "tests", "tests", "{4729B3D3-4F02-481F-B834-FC2B9979DF44}"
EndProject
Project("{2150E333-8FDC-42A3-9474-1A3956D46DE8}") = "examples", "examples", "{4266FF61-7F71-4E97-90F0-218E4BF979C3}"
EndProject
Project("{9A19103F-16F7-4668-BE54-9A1E7A4F7556}") = "SoCreate.ServiceFabric.PubSubDemo.SampleEvents", "examples\SoCreate.ServiceFabric.PubSubDemo.SampleEvents\SoCreate.ServiceFabric.PubSubDemo.SampleEvents.csproj", "{0695FA65-DE3B-44C9-B82B-BF9DF3D31A63}"
EndProject
Project("{9A19103F-16F7-4668-BE54-9A1E7A4F7556}") = "SoCreate.ServiceFabric.PubSubDemo.Api", "examples\SoCreate.ServiceFabric.PubSubDemo.Api\SoCreate.ServiceFabric.PubSubDemo.Api.csproj", "{B6AF9D7D-9C92-4468-80A6-A7225C4B33D1}"
EndProject
Project("{9A19103F-16F7-4668-BE54-9A1E7A4F7556}") = "SoCreate.ServiceFabric.PubSubDemo.SampleStatefulSubscriber", "examples\SoCreate.ServiceFabric.PubSubDemo.SampleStatefulSubscriber\SoCreate.ServiceFabric.PubSubDemo.SampleStatefulSubscriber.csproj", "{BD8968F8-F030-4187-9A8A-ADA0ED68D4E8}"
EndProject
Project("{9A19103F-16F7-4668-BE54-9A1E7A4F7556}") = "SoCreate.ServiceFabric.PubSubDemo.SampleStatelessSubscriber", "examples\SoCreate.ServiceFabric.PubSubDemo.SampleStatelessSubscriber\SoCreate.ServiceFabric.PubSubDemo.SampleStatelessSubscriber.csproj", "{62BC578D-6AA9-4F06-A059-E226AA6E34AD}"
EndProject
Project("{A07B5EB6-E848-4116-A8D0-A826331D98C6}") = "PubSubDemo", "examples\PubSubDemo\PubSubDemo.sfproj", "{45DC4498-6647-4195-B932-E7129FA535D2}"
EndProject
Project("{9A19103F-16F7-4668-BE54-9A1E7A4F7556}") = "SoCreate.ServiceFabric.PubSubDemo.Broker", "examples\SoCreate.ServiceFabric.PubSubDemo.Broker\SoCreate.ServiceFabric.PubSubDemo.Broker.csproj", "{4F88D6E7-F1CD-46AF-B190-F78CCF720A82}"
EndProject
Project("{9A19103F-16F7-4668-BE54-9A1E7A4F7556}") = "SoCreate.ServiceFabric.PubSubDemo.SampleActorSubscriber", "examples\SoCreate.ServiceFabric.PubSubDemo.SampleActorSubscriber\SoCreate.ServiceFabric.PubSubDemo.SampleActorSubscriber.csproj", "{FF8B6DB5-38D8-4B01-A34E-CCF11FD0405B}"
EndProject
Project("{9A19103F-16F7-4668-BE54-9A1E7A4F7556}") = "SoCreate.ServiceFabric.PubSubDemo.SampleActorSubscriber.Interfaces", "examples\SoCreate.ServiceFabric.PubSubDemo.SampleActorSubscriber.Interfaces\SoCreate.ServiceFabric.PubSubDemo.SampleActorSubscriber.Interfaces.csproj", "{807579CF-1B5F-43AB-A1E7-BF9E439EF4B7}"
EndProject
Project("{FAE04EC0-301F-11D3-BF4B-00C04F79EFBC}") = "SoCreate.ServiceFabric.PubSubDemo.LoadTest", "examples\SoCreate.ServiceFabric.PubSubDemo.LoadTest\SoCreate.ServiceFabric.PubSubDemo.LoadTest.csproj", "{67B33F05-BE87-4947-B3ED-D2E7FA688551}"
EndProject
Global
	GlobalSection(SolutionConfigurationPlatforms) = preSolution
		Debug|Any CPU = Debug|Any CPU
		Debug|x64 = Debug|x64
		Release|Any CPU = Release|Any CPU
		Release|x64 = Release|x64
	EndGlobalSection
	GlobalSection(ProjectConfigurationPlatforms) = postSolution
		{266D0C63-57EE-4C0D-873F-B3235B062CF4}.Debug|Any CPU.ActiveCfg = Debug|Any CPU
		{266D0C63-57EE-4C0D-873F-B3235B062CF4}.Debug|Any CPU.Build.0 = Debug|Any CPU
		{266D0C63-57EE-4C0D-873F-B3235B062CF4}.Debug|x64.ActiveCfg = Debug|Any CPU
		{266D0C63-57EE-4C0D-873F-B3235B062CF4}.Debug|x64.Build.0 = Debug|Any CPU
		{266D0C63-57EE-4C0D-873F-B3235B062CF4}.Release|Any CPU.ActiveCfg = Release|Any CPU
		{266D0C63-57EE-4C0D-873F-B3235B062CF4}.Release|Any CPU.Build.0 = Release|Any CPU
		{266D0C63-57EE-4C0D-873F-B3235B062CF4}.Release|x64.ActiveCfg = Release|Any CPU
		{266D0C63-57EE-4C0D-873F-B3235B062CF4}.Release|x64.Build.0 = Release|Any CPU
		{29169DCB-AA96-4B25-8395-32DC00473F34}.Debug|Any CPU.ActiveCfg = Debug|Any CPU
		{29169DCB-AA96-4B25-8395-32DC00473F34}.Debug|Any CPU.Build.0 = Debug|Any CPU
		{29169DCB-AA96-4B25-8395-32DC00473F34}.Debug|x64.ActiveCfg = Debug|Any CPU
		{29169DCB-AA96-4B25-8395-32DC00473F34}.Debug|x64.Build.0 = Debug|Any CPU
		{29169DCB-AA96-4B25-8395-32DC00473F34}.Release|Any CPU.ActiveCfg = Release|Any CPU
		{29169DCB-AA96-4B25-8395-32DC00473F34}.Release|Any CPU.Build.0 = Release|Any CPU
		{29169DCB-AA96-4B25-8395-32DC00473F34}.Release|x64.ActiveCfg = Release|Any CPU
		{29169DCB-AA96-4B25-8395-32DC00473F34}.Release|x64.Build.0 = Release|Any CPU
		{0695FA65-DE3B-44C9-B82B-BF9DF3D31A63}.Debug|Any CPU.ActiveCfg = Debug|Any CPU
		{0695FA65-DE3B-44C9-B82B-BF9DF3D31A63}.Debug|Any CPU.Build.0 = Debug|Any CPU
		{0695FA65-DE3B-44C9-B82B-BF9DF3D31A63}.Debug|x64.ActiveCfg = Debug|Any CPU
		{0695FA65-DE3B-44C9-B82B-BF9DF3D31A63}.Debug|x64.Build.0 = Debug|Any CPU
		{0695FA65-DE3B-44C9-B82B-BF9DF3D31A63}.Release|Any CPU.ActiveCfg = Release|Any CPU
		{0695FA65-DE3B-44C9-B82B-BF9DF3D31A63}.Release|Any CPU.Build.0 = Release|Any CPU
		{0695FA65-DE3B-44C9-B82B-BF9DF3D31A63}.Release|x64.ActiveCfg = Release|Any CPU
		{0695FA65-DE3B-44C9-B82B-BF9DF3D31A63}.Release|x64.Build.0 = Release|Any CPU
		{B6AF9D7D-9C92-4468-80A6-A7225C4B33D1}.Debug|Any CPU.ActiveCfg = Debug|Any CPU
		{B6AF9D7D-9C92-4468-80A6-A7225C4B33D1}.Debug|Any CPU.Build.0 = Debug|Any CPU
		{B6AF9D7D-9C92-4468-80A6-A7225C4B33D1}.Debug|x64.ActiveCfg = Debug|Any CPU
		{B6AF9D7D-9C92-4468-80A6-A7225C4B33D1}.Debug|x64.Build.0 = Debug|Any CPU
		{B6AF9D7D-9C92-4468-80A6-A7225C4B33D1}.Release|Any CPU.ActiveCfg = Release|Any CPU
		{B6AF9D7D-9C92-4468-80A6-A7225C4B33D1}.Release|Any CPU.Build.0 = Release|Any CPU
		{B6AF9D7D-9C92-4468-80A6-A7225C4B33D1}.Release|x64.ActiveCfg = Release|Any CPU
		{B6AF9D7D-9C92-4468-80A6-A7225C4B33D1}.Release|x64.Build.0 = Release|Any CPU
		{BD8968F8-F030-4187-9A8A-ADA0ED68D4E8}.Debug|Any CPU.ActiveCfg = Debug|Any CPU
		{BD8968F8-F030-4187-9A8A-ADA0ED68D4E8}.Debug|Any CPU.Build.0 = Debug|Any CPU
		{BD8968F8-F030-4187-9A8A-ADA0ED68D4E8}.Debug|x64.ActiveCfg = Debug|Any CPU
		{BD8968F8-F030-4187-9A8A-ADA0ED68D4E8}.Debug|x64.Build.0 = Debug|Any CPU
		{BD8968F8-F030-4187-9A8A-ADA0ED68D4E8}.Release|Any CPU.ActiveCfg = Release|Any CPU
		{BD8968F8-F030-4187-9A8A-ADA0ED68D4E8}.Release|Any CPU.Build.0 = Release|Any CPU
		{BD8968F8-F030-4187-9A8A-ADA0ED68D4E8}.Release|x64.ActiveCfg = Release|Any CPU
		{BD8968F8-F030-4187-9A8A-ADA0ED68D4E8}.Release|x64.Build.0 = Release|Any CPU
		{62BC578D-6AA9-4F06-A059-E226AA6E34AD}.Debug|Any CPU.ActiveCfg = Debug|Any CPU
		{62BC578D-6AA9-4F06-A059-E226AA6E34AD}.Debug|Any CPU.Build.0 = Debug|Any CPU
		{62BC578D-6AA9-4F06-A059-E226AA6E34AD}.Debug|x64.ActiveCfg = Debug|Any CPU
		{62BC578D-6AA9-4F06-A059-E226AA6E34AD}.Debug|x64.Build.0 = Debug|Any CPU
		{62BC578D-6AA9-4F06-A059-E226AA6E34AD}.Release|Any CPU.ActiveCfg = Release|Any CPU
		{62BC578D-6AA9-4F06-A059-E226AA6E34AD}.Release|Any CPU.Build.0 = Release|Any CPU
		{62BC578D-6AA9-4F06-A059-E226AA6E34AD}.Release|x64.ActiveCfg = Release|Any CPU
		{62BC578D-6AA9-4F06-A059-E226AA6E34AD}.Release|x64.Build.0 = Release|Any CPU
		{45DC4498-6647-4195-B932-E7129FA535D2}.Debug|Any CPU.ActiveCfg = Debug|x64
		{45DC4498-6647-4195-B932-E7129FA535D2}.Debug|Any CPU.Build.0 = Debug|x64
		{45DC4498-6647-4195-B932-E7129FA535D2}.Debug|Any CPU.Deploy.0 = Debug|x64
		{45DC4498-6647-4195-B932-E7129FA535D2}.Debug|x64.ActiveCfg = Debug|x64
		{45DC4498-6647-4195-B932-E7129FA535D2}.Debug|x64.Build.0 = Debug|x64
		{45DC4498-6647-4195-B932-E7129FA535D2}.Release|Any CPU.ActiveCfg = Release|x64
		{45DC4498-6647-4195-B932-E7129FA535D2}.Release|x64.ActiveCfg = Release|x64
		{45DC4498-6647-4195-B932-E7129FA535D2}.Release|x64.Build.0 = Release|x64
		{4F88D6E7-F1CD-46AF-B190-F78CCF720A82}.Debug|Any CPU.ActiveCfg = Debug|Any CPU
		{4F88D6E7-F1CD-46AF-B190-F78CCF720A82}.Debug|Any CPU.Build.0 = Debug|Any CPU
		{4F88D6E7-F1CD-46AF-B190-F78CCF720A82}.Debug|x64.ActiveCfg = Debug|Any CPU
		{4F88D6E7-F1CD-46AF-B190-F78CCF720A82}.Debug|x64.Build.0 = Debug|Any CPU
		{4F88D6E7-F1CD-46AF-B190-F78CCF720A82}.Release|Any CPU.ActiveCfg = Release|Any CPU
		{4F88D6E7-F1CD-46AF-B190-F78CCF720A82}.Release|Any CPU.Build.0 = Release|Any CPU
		{4F88D6E7-F1CD-46AF-B190-F78CCF720A82}.Release|x64.ActiveCfg = Release|Any CPU
		{4F88D6E7-F1CD-46AF-B190-F78CCF720A82}.Release|x64.Build.0 = Release|Any CPU
		{FF8B6DB5-38D8-4B01-A34E-CCF11FD0405B}.Debug|Any CPU.ActiveCfg = Debug|Any CPU
		{FF8B6DB5-38D8-4B01-A34E-CCF11FD0405B}.Debug|Any CPU.Build.0 = Debug|Any CPU
		{FF8B6DB5-38D8-4B01-A34E-CCF11FD0405B}.Debug|x64.ActiveCfg = Debug|Any CPU
		{FF8B6DB5-38D8-4B01-A34E-CCF11FD0405B}.Debug|x64.Build.0 = Debug|Any CPU
		{FF8B6DB5-38D8-4B01-A34E-CCF11FD0405B}.Release|Any CPU.ActiveCfg = Release|Any CPU
		{FF8B6DB5-38D8-4B01-A34E-CCF11FD0405B}.Release|Any CPU.Build.0 = Release|Any CPU
		{FF8B6DB5-38D8-4B01-A34E-CCF11FD0405B}.Release|x64.ActiveCfg = Release|Any CPU
		{FF8B6DB5-38D8-4B01-A34E-CCF11FD0405B}.Release|x64.Build.0 = Release|Any CPU
		{807579CF-1B5F-43AB-A1E7-BF9E439EF4B7}.Debug|Any CPU.ActiveCfg = Debug|Any CPU
		{807579CF-1B5F-43AB-A1E7-BF9E439EF4B7}.Debug|Any CPU.Build.0 = Debug|Any CPU
		{807579CF-1B5F-43AB-A1E7-BF9E439EF4B7}.Debug|x64.ActiveCfg = Debug|Any CPU
		{807579CF-1B5F-43AB-A1E7-BF9E439EF4B7}.Debug|x64.Build.0 = Debug|Any CPU
		{807579CF-1B5F-43AB-A1E7-BF9E439EF4B7}.Release|Any CPU.ActiveCfg = Release|Any CPU
		{807579CF-1B5F-43AB-A1E7-BF9E439EF4B7}.Release|Any CPU.Build.0 = Release|Any CPU
		{807579CF-1B5F-43AB-A1E7-BF9E439EF4B7}.Release|x64.ActiveCfg = Release|Any CPU
		{807579CF-1B5F-43AB-A1E7-BF9E439EF4B7}.Release|x64.Build.0 = Release|Any CPU
		{67B33F05-BE87-4947-B3ED-D2E7FA688551}.Debug|Any CPU.ActiveCfg = Debug|Any CPU
		{67B33F05-BE87-4947-B3ED-D2E7FA688551}.Debug|Any CPU.Build.0 = Debug|Any CPU
		{67B33F05-BE87-4947-B3ED-D2E7FA688551}.Debug|x64.ActiveCfg = Debug|Any CPU
		{67B33F05-BE87-4947-B3ED-D2E7FA688551}.Debug|x64.Build.0 = Debug|Any CPU
		{67B33F05-BE87-4947-B3ED-D2E7FA688551}.Release|Any CPU.ActiveCfg = Release|Any CPU
		{67B33F05-BE87-4947-B3ED-D2E7FA688551}.Release|Any CPU.Build.0 = Release|Any CPU
		{67B33F05-BE87-4947-B3ED-D2E7FA688551}.Release|x64.ActiveCfg = Release|Any CPU
		{67B33F05-BE87-4947-B3ED-D2E7FA688551}.Release|x64.Build.0 = Release|Any CPU
	EndGlobalSection
	GlobalSection(SolutionProperties) = preSolution
		HideSolutionNode = FALSE
	EndGlobalSection
	GlobalSection(NestedProjects) = preSolution
		{266D0C63-57EE-4C0D-873F-B3235B062CF4} = {CE60A581-FAAD-474F-8AAE-9D68C59C71FC}
		{29169DCB-AA96-4B25-8395-32DC00473F34} = {4729B3D3-4F02-481F-B834-FC2B9979DF44}
		{0695FA65-DE3B-44C9-B82B-BF9DF3D31A63} = {4266FF61-7F71-4E97-90F0-218E4BF979C3}
		{B6AF9D7D-9C92-4468-80A6-A7225C4B33D1} = {4266FF61-7F71-4E97-90F0-218E4BF979C3}
		{BD8968F8-F030-4187-9A8A-ADA0ED68D4E8} = {4266FF61-7F71-4E97-90F0-218E4BF979C3}
		{62BC578D-6AA9-4F06-A059-E226AA6E34AD} = {4266FF61-7F71-4E97-90F0-218E4BF979C3}
		{45DC4498-6647-4195-B932-E7129FA535D2} = {4266FF61-7F71-4E97-90F0-218E4BF979C3}
		{4F88D6E7-F1CD-46AF-B190-F78CCF720A82} = {4266FF61-7F71-4E97-90F0-218E4BF979C3}
		{FF8B6DB5-38D8-4B01-A34E-CCF11FD0405B} = {4266FF61-7F71-4E97-90F0-218E4BF979C3}
		{807579CF-1B5F-43AB-A1E7-BF9E439EF4B7} = {4266FF61-7F71-4E97-90F0-218E4BF979C3}
		{67B33F05-BE87-4947-B3ED-D2E7FA688551} = {4266FF61-7F71-4E97-90F0-218E4BF979C3}
	EndGlobalSection
	GlobalSection(ExtensibilityGlobals) = postSolution
		SolutionGuid = {B5FBF19E-4755-4441-8C64-DB8E4A040B44}
	EndGlobalSection
EndGlobal
