
Microsoft Visual Studio Solution File, Format Version 12.00
# Visual Studio 15
VisualStudioVersion = 15.0.26510.0
MinimumVisualStudioVersion = 10.0.40219.1
Project("{A07B5EB6-E848-4116-A8D0-A826331D98C6}") = "MyServiceFabricApp", "MyServiceFabricApp\MyServiceFabricApp.sfproj", "{26672E0C-A08A-47E9-A097-F58157992D39}"
EndProject
Project("{FAE04EC0-301F-11D3-BF4B-00C04F79EFBC}") = "PublishingActor", "PublishingActor\PublishingActor.csproj", "{4E31404A-F896-45A0-B8F0-360C4E2F5732}"
EndProject
Project("{FAE04EC0-301F-11D3-BF4B-00C04F79EFBC}") = "PublishingActor.Interfaces", "PublishingActor.Interfaces\PublishingActor.Interfaces.csproj", "{915B97D7-5A58-4617-B508-1825062FDAD9}"
EndProject
Project("{2150E333-8FDC-42A3-9474-1A3956D46DE8}") = "Pub", "Pub", "{FD0D0D22-5BC4-4589-8D02-794539BE1877}"
EndProject
Project("{2150E333-8FDC-42A3-9474-1A3956D46DE8}") = "Sub", "Sub", "{90F5DC3F-1A65-4C64-9071-13392D8D8176}"
EndProject
Project("{FAE04EC0-301F-11D3-BF4B-00C04F79EFBC}") = "SubscribingActor", "SubscribingActor\SubscribingActor.csproj", "{554F0A8F-C4EE-4F9E-9615-0E28937738CC}"
EndProject
Project("{FAE04EC0-301F-11D3-BF4B-00C04F79EFBC}") = "SubscribingActor.Interfaces", "SubscribingActor.Interfaces\SubscribingActor.Interfaces.csproj", "{2B3CBC59-7925-42BB-9EA3-B45994C83725}"
EndProject
Project("{FAE04EC0-301F-11D3-BF4B-00C04F79EFBC}") = "TestClient", "TestClient\TestClient.csproj", "{50C954D5-A730-41F5-BC84-64352C43335F}"
EndProject
Project("{2150E333-8FDC-42A3-9474-1A3956D46DE8}") = "Broker", "Broker", "{85FFC245-2F7D-47DA-A6C7-E1C57AB08CA0}"
EndProject
Project("{FAE04EC0-301F-11D3-BF4B-00C04F79EFBC}") = "PubSubActor", "PubSubActor\PubSubActor.csproj", "{A58AB92C-F910-4CE9-AA52-9ADCAF030C99}"
EndProject
Project("{FAE04EC0-301F-11D3-BF4B-00C04F79EFBC}") = "PubSubActor.Interfaces", "PubSubActor.Interfaces\PubSubActor.Interfaces.csproj", "{AAA9AA78-B1C6-41EE-BDDB-B489E2306405}"
EndProject
Project("{FAE04EC0-301F-11D3-BF4B-00C04F79EFBC}") = "Common.DataContracts", "Common.DataContracts\Common.DataContracts.csproj", "{1A90AAE2-4CEB-4C60-A024-F9F5B517D38A}"
EndProject
Project("{FAE04EC0-301F-11D3-BF4B-00C04F79EFBC}") = "SubscribingStatelessService", "SubscribingStatelessService\SubscribingStatelessService.csproj", "{C6AEE050-41BD-4F06-A392-E479B833DC7D}"
EndProject
Project("{FAE04EC0-301F-11D3-BF4B-00C04F79EFBC}") = "SubscribingStatefulService", "SubscribingStatefulService\SubscribingStatefulService.csproj", "{80D0ED08-2554-4EF2-811D-3D1956703261}"
EndProject
Project("{FAE04EC0-301F-11D3-BF4B-00C04F79EFBC}") = "PublishingStatelessService", "PublishingStatelessService\PublishingStatelessService.csproj", "{66C029AB-982A-459F-B3C3-B7B2ED99BD9F}"
EndProject
Project("{FAE04EC0-301F-11D3-BF4B-00C04F79EFBC}") = "PubkSubRelayActor", "PubkSubRelayActor\PubkSubRelayActor.csproj", "{DFC5BD11-AFCF-45F1-A2F0-797CE7F017E0}"
EndProject
Project("{FAE04EC0-301F-11D3-BF4B-00C04F79EFBC}") = "PubkSubRelayActor.Interfaces", "PubkSubRelayActor.Interfaces\PubkSubRelayActor.Interfaces.csproj", "{3E870BE2-6DBD-48ED-A6D0-58FDC93A8C2A}"
EndProject
Project("{2150E333-8FDC-42A3-9474-1A3956D46DE8}") = "RelayBroker", "RelayBroker", "{046CF58A-E05F-4BE3-8F4F-76E14EC6389D}"
EndProject
Project("{FAE04EC0-301F-11D3-BF4B-00C04F79EFBC}") = "SubscribingToRelayStatefulService", "SubscribingToRelayStatefulService\SubscribingToRelayStatefulService.csproj", "{AE7F64D6-D4B4-4320-8415-D8A3D0D6C1DC}"
EndProject
Project("{FAE04EC0-301F-11D3-BF4B-00C04F79EFBC}") = "PubSubService", "PubSubService\PubSubService.csproj", "{4FED836F-72EE-4094-9D6D-79FBBFD06C7E}"
EndProject
Project("{2150E333-8FDC-42A3-9474-1A3956D46DE8}") = "Solution Items", "Solution Items", "{B2EC72E2-C1F8-4EEB-8A05-5F792DF5B877}"
	ProjectSection(SolutionItems) = preProject
		EventSources.txt = EventSources.txt
	EndProjectSection
EndProject
Global
	GlobalSection(SolutionConfigurationPlatforms) = preSolution
		Debug|x64 = Debug|x64
		Release|x64 = Release|x64
	EndGlobalSection
	GlobalSection(ProjectConfigurationPlatforms) = postSolution
		{26672E0C-A08A-47E9-A097-F58157992D39}.Debug|x64.ActiveCfg = Debug|x64
		{26672E0C-A08A-47E9-A097-F58157992D39}.Debug|x64.Build.0 = Debug|x64
		{26672E0C-A08A-47E9-A097-F58157992D39}.Debug|x64.Deploy.0 = Debug|x64
		{26672E0C-A08A-47E9-A097-F58157992D39}.Release|x64.ActiveCfg = Release|x64
		{26672E0C-A08A-47E9-A097-F58157992D39}.Release|x64.Build.0 = Release|x64
		{26672E0C-A08A-47E9-A097-F58157992D39}.Release|x64.Deploy.0 = Release|x64
		{4E31404A-F896-45A0-B8F0-360C4E2F5732}.Debug|x64.ActiveCfg = Debug|x64
		{4E31404A-F896-45A0-B8F0-360C4E2F5732}.Debug|x64.Build.0 = Debug|x64
		{4E31404A-F896-45A0-B8F0-360C4E2F5732}.Release|x64.ActiveCfg = Release|x64
		{4E31404A-F896-45A0-B8F0-360C4E2F5732}.Release|x64.Build.0 = Release|x64
		{915B97D7-5A58-4617-B508-1825062FDAD9}.Debug|x64.ActiveCfg = Debug|x64
		{915B97D7-5A58-4617-B508-1825062FDAD9}.Debug|x64.Build.0 = Debug|x64
		{915B97D7-5A58-4617-B508-1825062FDAD9}.Release|x64.ActiveCfg = Release|x64
		{915B97D7-5A58-4617-B508-1825062FDAD9}.Release|x64.Build.0 = Release|x64
		{554F0A8F-C4EE-4F9E-9615-0E28937738CC}.Debug|x64.ActiveCfg = Debug|x64
		{554F0A8F-C4EE-4F9E-9615-0E28937738CC}.Debug|x64.Build.0 = Debug|x64
		{554F0A8F-C4EE-4F9E-9615-0E28937738CC}.Release|x64.ActiveCfg = Release|x64
		{554F0A8F-C4EE-4F9E-9615-0E28937738CC}.Release|x64.Build.0 = Release|x64
		{2B3CBC59-7925-42BB-9EA3-B45994C83725}.Debug|x64.ActiveCfg = Debug|x64
		{2B3CBC59-7925-42BB-9EA3-B45994C83725}.Debug|x64.Build.0 = Debug|x64
		{2B3CBC59-7925-42BB-9EA3-B45994C83725}.Release|x64.ActiveCfg = Release|x64
		{2B3CBC59-7925-42BB-9EA3-B45994C83725}.Release|x64.Build.0 = Release|x64
		{50C954D5-A730-41F5-BC84-64352C43335F}.Debug|x64.ActiveCfg = Debug|x64
		{50C954D5-A730-41F5-BC84-64352C43335F}.Debug|x64.Build.0 = Debug|x64
		{50C954D5-A730-41F5-BC84-64352C43335F}.Release|x64.ActiveCfg = Release|Any CPU
		{50C954D5-A730-41F5-BC84-64352C43335F}.Release|x64.Build.0 = Release|Any CPU
		{A58AB92C-F910-4CE9-AA52-9ADCAF030C99}.Debug|x64.ActiveCfg = Debug|x64
		{A58AB92C-F910-4CE9-AA52-9ADCAF030C99}.Debug|x64.Build.0 = Debug|x64
		{A58AB92C-F910-4CE9-AA52-9ADCAF030C99}.Release|x64.ActiveCfg = Release|x64
		{A58AB92C-F910-4CE9-AA52-9ADCAF030C99}.Release|x64.Build.0 = Release|x64
		{AAA9AA78-B1C6-41EE-BDDB-B489E2306405}.Debug|x64.ActiveCfg = Debug|x64
		{AAA9AA78-B1C6-41EE-BDDB-B489E2306405}.Debug|x64.Build.0 = Debug|x64
		{AAA9AA78-B1C6-41EE-BDDB-B489E2306405}.Release|x64.ActiveCfg = Release|x64
		{AAA9AA78-B1C6-41EE-BDDB-B489E2306405}.Release|x64.Build.0 = Release|x64
		{1A90AAE2-4CEB-4C60-A024-F9F5B517D38A}.Debug|x64.ActiveCfg = Debug|x64
		{1A90AAE2-4CEB-4C60-A024-F9F5B517D38A}.Debug|x64.Build.0 = Debug|x64
		{1A90AAE2-4CEB-4C60-A024-F9F5B517D38A}.Release|x64.ActiveCfg = Release|Any CPU
		{1A90AAE2-4CEB-4C60-A024-F9F5B517D38A}.Release|x64.Build.0 = Release|Any CPU
		{C6AEE050-41BD-4F06-A392-E479B833DC7D}.Debug|x64.ActiveCfg = Debug|x64
		{C6AEE050-41BD-4F06-A392-E479B833DC7D}.Debug|x64.Build.0 = Debug|x64
		{C6AEE050-41BD-4F06-A392-E479B833DC7D}.Release|x64.ActiveCfg = Release|x64
		{C6AEE050-41BD-4F06-A392-E479B833DC7D}.Release|x64.Build.0 = Release|x64
		{80D0ED08-2554-4EF2-811D-3D1956703261}.Debug|x64.ActiveCfg = Debug|x64
		{80D0ED08-2554-4EF2-811D-3D1956703261}.Debug|x64.Build.0 = Debug|x64
		{80D0ED08-2554-4EF2-811D-3D1956703261}.Release|x64.ActiveCfg = Release|x64
		{80D0ED08-2554-4EF2-811D-3D1956703261}.Release|x64.Build.0 = Release|x64
		{66C029AB-982A-459F-B3C3-B7B2ED99BD9F}.Debug|x64.ActiveCfg = Debug|x64
		{66C029AB-982A-459F-B3C3-B7B2ED99BD9F}.Debug|x64.Build.0 = Debug|x64
		{66C029AB-982A-459F-B3C3-B7B2ED99BD9F}.Release|x64.ActiveCfg = Release|x64
		{66C029AB-982A-459F-B3C3-B7B2ED99BD9F}.Release|x64.Build.0 = Release|x64
		{DFC5BD11-AFCF-45F1-A2F0-797CE7F017E0}.Debug|x64.ActiveCfg = Debug|x64
		{DFC5BD11-AFCF-45F1-A2F0-797CE7F017E0}.Debug|x64.Build.0 = Debug|x64
		{DFC5BD11-AFCF-45F1-A2F0-797CE7F017E0}.Release|x64.ActiveCfg = Release|x64
		{DFC5BD11-AFCF-45F1-A2F0-797CE7F017E0}.Release|x64.Build.0 = Release|x64
		{3E870BE2-6DBD-48ED-A6D0-58FDC93A8C2A}.Debug|x64.ActiveCfg = Debug|x64
		{3E870BE2-6DBD-48ED-A6D0-58FDC93A8C2A}.Debug|x64.Build.0 = Debug|x64
		{3E870BE2-6DBD-48ED-A6D0-58FDC93A8C2A}.Release|x64.ActiveCfg = Release|x64
		{3E870BE2-6DBD-48ED-A6D0-58FDC93A8C2A}.Release|x64.Build.0 = Release|x64
		{AE7F64D6-D4B4-4320-8415-D8A3D0D6C1DC}.Debug|x64.ActiveCfg = Debug|x64
		{AE7F64D6-D4B4-4320-8415-D8A3D0D6C1DC}.Debug|x64.Build.0 = Debug|x64
		{AE7F64D6-D4B4-4320-8415-D8A3D0D6C1DC}.Release|x64.ActiveCfg = Release|x64
		{AE7F64D6-D4B4-4320-8415-D8A3D0D6C1DC}.Release|x64.Build.0 = Release|x64
		{4FED836F-72EE-4094-9D6D-79FBBFD06C7E}.Debug|x64.ActiveCfg = Debug|x64
		{4FED836F-72EE-4094-9D6D-79FBBFD06C7E}.Debug|x64.Build.0 = Debug|x64
		{4FED836F-72EE-4094-9D6D-79FBBFD06C7E}.Release|x64.ActiveCfg = Release|x64
		{4FED836F-72EE-4094-9D6D-79FBBFD06C7E}.Release|x64.Build.0 = Release|x64
	EndGlobalSection
	GlobalSection(SolutionProperties) = preSolution
		HideSolutionNode = FALSE
	EndGlobalSection
	GlobalSection(NestedProjects) = preSolution
		{4E31404A-F896-45A0-B8F0-360C4E2F5732} = {FD0D0D22-5BC4-4589-8D02-794539BE1877}
		{915B97D7-5A58-4617-B508-1825062FDAD9} = {FD0D0D22-5BC4-4589-8D02-794539BE1877}
		{554F0A8F-C4EE-4F9E-9615-0E28937738CC} = {90F5DC3F-1A65-4C64-9071-13392D8D8176}
		{2B3CBC59-7925-42BB-9EA3-B45994C83725} = {90F5DC3F-1A65-4C64-9071-13392D8D8176}
		{A58AB92C-F910-4CE9-AA52-9ADCAF030C99} = {85FFC245-2F7D-47DA-A6C7-E1C57AB08CA0}
		{AAA9AA78-B1C6-41EE-BDDB-B489E2306405} = {85FFC245-2F7D-47DA-A6C7-E1C57AB08CA0}
		{C6AEE050-41BD-4F06-A392-E479B833DC7D} = {90F5DC3F-1A65-4C64-9071-13392D8D8176}
		{80D0ED08-2554-4EF2-811D-3D1956703261} = {90F5DC3F-1A65-4C64-9071-13392D8D8176}
		{66C029AB-982A-459F-B3C3-B7B2ED99BD9F} = {FD0D0D22-5BC4-4589-8D02-794539BE1877}
		{DFC5BD11-AFCF-45F1-A2F0-797CE7F017E0} = {046CF58A-E05F-4BE3-8F4F-76E14EC6389D}
		{3E870BE2-6DBD-48ED-A6D0-58FDC93A8C2A} = {046CF58A-E05F-4BE3-8F4F-76E14EC6389D}
		{AE7F64D6-D4B4-4320-8415-D8A3D0D6C1DC} = {90F5DC3F-1A65-4C64-9071-13392D8D8176}
		{4FED836F-72EE-4094-9D6D-79FBBFD06C7E} = {85FFC245-2F7D-47DA-A6C7-E1C57AB08CA0}
	EndGlobalSection
EndGlobal
